{
  "version": 4,
  "terraform_version": "1.10.5",
  "serial": 144,
  "lineage": "f45d44de-7080-fa41-8529-8deb59d595a4",
  "outputs": {
    "api_public_ip": {
      "value": "20.39.33.168",
      "type": "string"
    },
    "ui_app_url": {
      "value": "ctap-ui-webapp-main-gannet.azurewebsites.net",
      "type": "string"
    }
  },
  "resources": [
    {
      "mode": "data",
      "type": "archive_file",
      "name": "ui_zip",
      "provider": "provider[\"registry.terraform.io/hashicorp/archive\"]",
      "instances": [
        {
          "schema_version": 0,
          "attributes": {
            "exclude_symlink_directories": null,
            "excludes": null,
            "id": "c99467911052f65c7c13ba9755764e45a7975ebc",
            "output_base64sha256": "CWpZDfbjKO7xhFW5GNKAk+1PPoSAVxA4g5dFqp+LXfM=",
            "output_base64sha512": "nmhkwom8aUMjpFQ50WyXsMCLxvB2d3Vlk62K89YWxq8VbrkzsIpryE6pcsvqSdhl+RsTIiby5igY0x0j4WewRg==",
            "output_file_mode": null,
            "output_md5": "bc9be8594d29b99beae1f75ca39aced9",
            "output_path": "./ui.zip",
            "output_sha": "c99467911052f65c7c13ba9755764e45a7975ebc",
            "output_sha256": "096a590df6e328eef18455b918d28093ed4f3e8480571038839745aa9f8b5df3",
            "output_sha512": "9e6864c289bc694323a45439d16c97b0c08bc6f07677756593ad8af3d616c6af156eb933b08a6bc84ea972cbea49d865f91b132226f2e62818d31d23e167b046",
            "output_size": 1271,
            "source": [],
            "source_content": null,
            "source_content_filename": null,
            "source_dir": "static",
            "source_file": null,
            "type": "zip"
          },
          "sensitive_attributes": []
        }
      ]
    },
    {
      "mode": "managed",
      "type": "azurerm_app_service",
      "name": "ui_app",
      "provider": "provider[\"registry.terraform.io/hashicorp/azurerm\"]",
      "instances": [
        {
          "schema_version": 0,
          "attributes": {
            "app_service_plan_id": "/subscriptions/9cd0a7fa-fedf-4e1c-aec9-d5127b49f99e/resourceGroups/rg-multi-tier-demo/providers/Microsoft.Web/serverFarms/ctap-ui-appserviceplan-main-gannet",
            "app_settings": {
              "WEBSITE_RUN_FROM_PACKAGE": "1"
            },
            "auth_settings": [
              {
                "active_directory": [],
                "additional_login_params": {},
                "allowed_external_redirect_urls": [],
                "default_provider": "",
                "enabled": false,
                "facebook": [],
                "google": [],
                "issuer": "",
                "microsoft": [],
                "runtime_version": "",
                "token_refresh_extension_hours": 0,
                "token_store_enabled": false,
                "twitter": [],
                "unauthenticated_client_action": ""
              }
            ],
            "backup": [],
            "client_affinity_enabled": false,
            "client_cert_enabled": false,
            "client_cert_mode": "Required",
            "connection_string": [],
            "custom_domain_verification_id": "B1FE4D68EDC4D5E1A5B8D8DBB4CF69F060E6D1979C020DCEC5989FC6CCBCD9D3",
            "default_site_hostname": "ctap-ui-webapp-main-gannet.azurewebsites.net",
            "enabled": true,
            "https_only": false,
            "id": "/subscriptions/9cd0a7fa-fedf-4e1c-aec9-d5127b49f99e/resourceGroups/rg-multi-tier-demo/providers/Microsoft.Web/sites/ctap-ui-webapp-main-gannet",
            "identity": [],
            "key_vault_reference_identity_id": "SystemAssigned",
            "location": "eastus",
            "logs": [
              {
                "application_logs": [
                  {
                    "azure_blob_storage": [],
                    "file_system_level": "Off"
                  }
                ],
                "detailed_error_messages_enabled": false,
                "failed_request_tracing_enabled": false,
                "http_logs": [
                  {
                    "azure_blob_storage": [],
                    "file_system": []
                  }
                ]
              }
            ],
            "name": "ctap-ui-webapp-main-gannet",
            "outbound_ip_address_list": [
              "20.75.168.192",
              "20.75.168.247",
              "20.75.169.236",
              "20.75.171.126",
              "20.75.172.6",
              "20.75.172.176",
              "40.88.232.42",
              "40.88.232.110",
              "40.88.233.9",
              "40.88.233.54",
              "40.88.233.128",
              "40.88.233.141",
              "20.119.8.52"
            ],
            "outbound_ip_addresses": "20.75.168.192,20.75.168.247,20.75.169.236,20.75.171.126,20.75.172.6,20.75.172.176,40.88.232.42,40.88.232.110,40.88.233.9,40.88.233.54,40.88.233.128,40.88.233.141,20.119.8.52",
            "possible_outbound_ip_address_list": [
              "20.75.168.192",
              "20.75.168.247",
              "20.75.169.236",
              "20.75.171.126",
              "20.75.172.6",
              "20.75.172.176",
              "40.88.232.42",
              "40.88.232.110",
              "40.88.233.9",
              "40.88.233.54",
              "40.88.233.128",
              "40.88.233.141",
              "40.88.233.162",
              "40.88.234.128",
              "40.88.236.196",
              "40.88.236.199",
              "40.88.236.215",
              "40.88.237.103",
              "40.88.237.104",
              "40.88.238.36",
              "40.88.239.117",
              "40.88.239.144",
              "40.88.239.184",
              "20.75.168.137",
              "20.75.172.196",
              "20.75.173.25",
              "20.75.174.5",
              "20.75.174.124",
              "20.75.174.225",
              "20.75.175.34",
              "20.119.8.52"
            ],
            "possible_outbound_ip_addresses": "20.75.168.192,20.75.168.247,20.75.169.236,20.75.171.126,20.75.172.6,20.75.172.176,40.88.232.42,40.88.232.110,40.88.233.9,40.88.233.54,40.88.233.128,40.88.233.141,40.88.233.162,40.88.234.128,40.88.236.196,40.88.236.199,40.88.236.215,40.88.237.103,40.88.237.104,40.88.238.36,40.88.239.117,40.88.239.144,40.88.239.184,20.75.168.137,20.75.172.196,20.75.173.25,20.75.174.5,20.75.174.124,20.75.174.225,20.75.175.34,20.119.8.52",
            "resource_group_name": "rg-multi-tier-demo",
            "site_config": [
              {
                "acr_use_managed_identity_credentials": false,
                "acr_user_managed_identity_client_id": "",
                "always_on": false,
                "app_command_line": "npx serve -s .",
                "auto_swap_slot_name": "",
                "cors": [
                  {
                    "allowed_origins": [],
                    "support_credentials": false
                  }
                ],
                "default_documents": null,
                "dotnet_framework_version": "v4.0",
                "ftps_state": "FtpsOnly",
                "health_check_path": "",
                "http2_enabled": false,
                "ip_restriction": [],
                "java_container": "",
                "java_container_version": "",
                "java_version": "",
                "linux_fx_version": "NODE|14-lts",
                "local_mysql_enabled": false,
                "managed_pipeline_mode": "Integrated",
                "min_tls_version": "1.2",
                "number_of_workers": 1,
                "php_version": "",
                "python_version": "",
                "remote_debugging_enabled": false,
                "remote_debugging_version": "VS2022",
                "scm_ip_restriction": [],
                "scm_type": "None",
                "scm_use_main_ip_restriction": false,
                "use_32_bit_worker_process": false,
                "vnet_route_all_enabled": false,
                "websockets_enabled": false,
                "windows_fx_version": ""
              }
            ],
            "site_credential": [
              {
                "password": "ElnpdhNKEkcijCAdd6C0tsmtQY1v3GBtf3dJTzCYc6rxaMP1QyQ3QTCcHHr0",
                "username": "$ctap-ui-webapp-main-gannet"
              }
            ],
            "source_control": [
              {
                "branch": "main",
                "manual_integration": false,
                "repo_url": "",
                "rollback_enabled": false,
                "use_mercurial": false
              }
            ],
            "storage_account": [],
            "tags": null,
            "timeouts": null
          },
          "sensitive_attributes": [],
          "private": "eyJlMmJmYjczMC1lY2FhLTExZTYtOGY4OC0zNDM2M2JjN2M0YzAiOnsiY3JlYXRlIjoxODAwMDAwMDAwMDAwLCJkZWxldGUiOjE4MDAwMDAwMDAwMDAsInJlYWQiOjMwMDAwMDAwMDAwMCwidXBkYXRlIjoxODAwMDAwMDAwMDAwfX0=",
          "dependencies": [
            "azurerm_app_service_plan.ui_plan",
            "azurerm_resource_group.rg",
            "random_pet.suffix"
          ]
        }
      ]
    },
    {
      "mode": "managed",
      "type": "azurerm_app_service_plan",
      "name": "ui_plan",
      "provider": "provider[\"registry.terraform.io/hashicorp/azurerm\"]",
      "instances": [
        {
          "schema_version": 1,
          "attributes": {
            "app_service_environment_id": "",
            "id": "/subscriptions/9cd0a7fa-fedf-4e1c-aec9-d5127b49f99e/resourceGroups/rg-multi-tier-demo/providers/Microsoft.Web/serverFarms/ctap-ui-appserviceplan-main-gannet",
            "is_xenon": false,
            "kind": "linux",
            "location": "eastus",
            "maximum_elastic_worker_count": 1,
            "maximum_number_of_workers": 10,
            "name": "ctap-ui-appserviceplan-main-gannet",
            "per_site_scaling": false,
            "reserved": true,
            "resource_group_name": "rg-multi-tier-demo",
            "sku": [
              {
                "capacity": 1,
                "size": "S1",
                "tier": "Standard"
              }
            ],
            "tags": null,
            "timeouts": null,
            "zone_redundant": false
          },
          "sensitive_attributes": [],
          "private": "eyJlMmJmYjczMC1lY2FhLTExZTYtOGY4OC0zNDM2M2JjN2M0YzAiOnsiY3JlYXRlIjozNjAwMDAwMDAwMDAwLCJkZWxldGUiOjM2MDAwMDAwMDAwMDAsInJlYWQiOjMwMDAwMDAwMDAwMCwidXBkYXRlIjozNjAwMDAwMDAwMDAwfSwic2NoZW1hX3ZlcnNpb24iOiIxIn0=",
          "dependencies": [
            "azurerm_resource_group.rg",
            "random_pet.suffix"
          ]
        }
      ]
    },
    {
      "mode": "managed",
      "type": "azurerm_app_service_virtual_network_swift_connection",
      "name": "vnet_integration",
      "provider": "provider[\"registry.terraform.io/hashicorp/azurerm\"]",
      "instances": [
        {
          "schema_version": 0,
          "attributes": {
            "app_service_id": "/subscriptions/9cd0a7fa-fedf-4e1c-aec9-d5127b49f99e/resourceGroups/rg-multi-tier-demo/providers/Microsoft.Web/sites/ctap-ui-webapp-main-gannet",
            "id": "/subscriptions/9cd0a7fa-fedf-4e1c-aec9-d5127b49f99e/resourceGroups/rg-multi-tier-demo/providers/Microsoft.Web/sites/ctap-ui-webapp-main-gannet/config/virtualNetwork",
            "subnet_id": "/subscriptions/9cd0a7fa-fedf-4e1c-aec9-d5127b49f99e/resourceGroups/rg-multi-tier-demo/providers/Microsoft.Network/virtualNetworks/ctap-vnet/subnets/ctap-integration-subnet",
            "timeouts": null
          },
          "sensitive_attributes": [],
          "private": "eyJlMmJmYjczMC1lY2FhLTExZTYtOGY4OC0zNDM2M2JjN2M0YzAiOnsiY3JlYXRlIjoxODAwMDAwMDAwMDAwLCJkZWxldGUiOjE4MDAwMDAwMDAwMDAsInJlYWQiOjMwMDAwMDAwMDAwMCwidXBkYXRlIjoxODAwMDAwMDAwMDAwfX0=",
          "dependencies": [
            "azurerm_app_service.ui_app",
            "azurerm_app_service_plan.ui_plan",
            "azurerm_resource_group.rg",
            "azurerm_subnet.vnet_integration",
            "azurerm_virtual_network.vnet",
            "random_pet.suffix"
          ]
        }
      ]
    },
    {
      "mode": "managed",
      "type": "azurerm_linux_virtual_machine",
      "name": "vm_api",
      "provider": "provider[\"registry.terraform.io/hashicorp/azurerm\"]",
      "instances": [
        {
          "schema_version": 0,
          "attributes": {
            "additional_capabilities": [],
            "admin_password": "P@ssw0rd1234!",
            "admin_ssh_key": [],
            "admin_username": "azureuser",
            "allow_extension_operations": true,
            "availability_set_id": "",
            "boot_diagnostics": [],
            "bypass_platform_safety_checks_on_user_schedule_enabled": false,
            "capacity_reservation_group_id": "",
            "computer_name": "ctap-vm-api",
            "custom_data": "IyEvYmluL2Jhc2gNCmN1cmwgLXNMIGh0dHBzOi8vZGViLm5vZGVzb3VyY2UuY29tL3NldHVwXzE0LnggfCBzdWRvIC1FIGJhc2ggLQ0Kc3VkbyBhcHQtZ2V0IHVwZGF0ZQ0Kc3VkbyBhcHQtZ2V0IGluc3RhbGwgLXkgbm9kZWpzDQo=",
            "dedicated_host_group_id": "",
            "dedicated_host_id": "",
            "disable_password_authentication": false,
            "disk_controller_type": "",
            "edge_zone": "",
            "encryption_at_host_enabled": false,
            "eviction_policy": "",
            "extensions_time_budget": "PT1H30M",
            "gallery_application": [],
            "id": "/subscriptions/9cd0a7fa-fedf-4e1c-aec9-d5127b49f99e/resourceGroups/rg-multi-tier-demo/providers/Microsoft.Compute/virtualMachines/ctap-vm-api",
            "identity": [],
            "license_type": "",
            "location": "eastus",
            "max_bid_price": -1,
            "name": "ctap-vm-api",
            "network_interface_ids": [
              "/subscriptions/9cd0a7fa-fedf-4e1c-aec9-d5127b49f99e/resourceGroups/rg-multi-tier-demo/providers/Microsoft.Network/networkInterfaces/ctap-nic-api"
            ],
            "os_disk": [
              {
                "caching": "ReadWrite",
                "diff_disk_settings": [],
                "disk_encryption_set_id": "",
                "disk_size_gb": 30,
                "id": "/subscriptions/9cd0a7fa-fedf-4e1c-aec9-d5127b49f99e/resourceGroups/rg-multi-tier-demo/providers/Microsoft.Compute/disks/ctap-vm-api_disk1_07125a35b0b545d3991189815102991d",
                "name": "ctap-vm-api_disk1_07125a35b0b545d3991189815102991d",
                "secure_vm_disk_encryption_set_id": "",
                "security_encryption_type": "",
                "storage_account_type": "Standard_LRS",
                "write_accelerator_enabled": false
              }
            ],
            "os_image_notification": [],
            "patch_assessment_mode": "ImageDefault",
            "patch_mode": "ImageDefault",
            "plan": [],
            "platform_fault_domain": -1,
            "priority": "Regular",
            "private_ip_address": "10.0.2.4",
            "private_ip_addresses": [
              "10.0.2.4"
            ],
            "provision_vm_agent": true,
            "proximity_placement_group_id": "",
            "public_ip_address": "20.39.33.168",
            "public_ip_addresses": [
              "20.39.33.168"
            ],
            "reboot_setting": "",
            "resource_group_name": "rg-multi-tier-demo",
            "secret": [],
            "secure_boot_enabled": false,
            "size": "Standard_B1s",
            "source_image_id": "",
            "source_image_reference": [
              {
                "offer": "UbuntuServer",
                "publisher": "Canonical",
                "sku": "18.04-LTS",
                "version": "latest"
              }
            ],
            "tags": null,
            "termination_notification": null,
            "timeouts": null,
            "user_data": "",
            "virtual_machine_id": "7afdd5e2-419d-4e05-975e-c5cdf82509f8",
            "virtual_machine_scale_set_id": "",
            "vm_agent_platform_updates_enabled": false,
            "vtpm_enabled": false,
            "zone": ""
          },
          "sensitive_attributes": [
            [
              {
                "type": "get_attr",
                "value": "admin_password"
              }
            ],
            [
              {
                "type": "get_attr",
                "value": "custom_data"
              }
            ]
          ],
          "private": "eyJlMmJmYjczMC1lY2FhLTExZTYtOGY4OC0zNDM2M2JjN2M0YzAiOnsiY3JlYXRlIjoyNzAwMDAwMDAwMDAwLCJkZWxldGUiOjI3MDAwMDAwMDAwMDAsInJlYWQiOjMwMDAwMDAwMDAwMCwidXBkYXRlIjoyNzAwMDAwMDAwMDAwfX0=",
          "dependencies": [
            "azurerm_network_interface.nic_api",
            "azurerm_network_interface_security_group_association.nsg_integrate",
            "azurerm_network_security_group.nsg_api_ssh",
            "azurerm_public_ip.api_public_ip",
            "azurerm_resource_group.rg",
            "azurerm_subnet.api",
            "azurerm_virtual_network.vnet",
            "random_pet.suffix"
          ]
        }
      ]
    },
    {
      "mode": "managed",
      "type": "azurerm_mysql_flexible_server",
      "name": "mysql",
      "provider": "provider[\"registry.terraform.io/hashicorp/azurerm\"]",
      "instances": [
        {
          "schema_version": 0,
          "attributes": {
            "administrator_login": "mysqladmin",
            "administrator_password": "P@ssw0rd1234!",
            "backup_retention_days": 7,
            "create_mode": null,
            "customer_managed_key": [],
            "delegated_subnet_id": "/subscriptions/9cd0a7fa-fedf-4e1c-aec9-d5127b49f99e/resourceGroups/rg-multi-tier-demo/providers/Microsoft.Network/virtualNetworks/ctap-vnet/subnets/ctap-db-subnet",
            "fqdn": "mysqlserverctap.mysql.database.azure.com",
            "geo_redundant_backup_enabled": false,
            "high_availability": [],
            "id": "/subscriptions/9cd0a7fa-fedf-4e1c-aec9-d5127b49f99e/resourceGroups/rg-multi-tier-demo/providers/Microsoft.DBforMySQL/flexibleServers/mysqlserverctap",
            "identity": [],
            "location": "eastus",
            "maintenance_window": [],
            "name": "mysqlserverctap",
            "point_in_time_restore_time_in_utc": null,
            "private_dns_zone_id": "",
            "public_network_access_enabled": false,
            "replica_capacity": 10,
            "replication_role": "None",
            "resource_group_name": "rg-multi-tier-demo",
            "sku_name": "B_Standard_B1ms",
            "source_server_id": "",
            "storage": [
              {
                "auto_grow_enabled": true,
                "io_scaling_enabled": false,
                "iops": 360,
                "size_gb": 20
              }
            ],
            "tags": null,
            "timeouts": null,
            "version": "8.0.21",
            "zone": "3"
          },
          "sensitive_attributes": [
            [
              {
                "type": "get_attr",
                "value": "administrator_password"
              }
            ]
          ],
          "private": "eyJlMmJmYjczMC1lY2FhLTExZTYtOGY4OC0zNDM2M2JjN2M0YzAiOnsiY3JlYXRlIjozNjAwMDAwMDAwMDAwLCJkZWxldGUiOjM2MDAwMDAwMDAwMDAsInJlYWQiOjMwMDAwMDAwMDAwMCwidXBkYXRlIjozNjAwMDAwMDAwMDAwfX0=",
          "dependencies": [
            "azurerm_resource_group.rg",
            "azurerm_subnet.db",
            "azurerm_virtual_network.vnet"
          ]
        }
      ]
    },
    {
      "mode": "managed",
      "type": "azurerm_network_interface",
      "name": "nic_api",
      "provider": "provider[\"registry.terraform.io/hashicorp/azurerm\"]",
      "instances": [
        {
          "schema_version": 0,
          "attributes": {
            "accelerated_networking_enabled": false,
            "applied_dns_servers": [],
            "auxiliary_mode": "",
            "auxiliary_sku": "",
            "dns_servers": null,
            "edge_zone": "",
            "id": "/subscriptions/9cd0a7fa-fedf-4e1c-aec9-d5127b49f99e/resourceGroups/rg-multi-tier-demo/providers/Microsoft.Network/networkInterfaces/ctap-nic-api",
            "internal_dns_name_label": "",
            "internal_domain_name_suffix": "t25s1s0o3jmuxphtnvgch0mlpg.bx.internal.cloudapp.net",
            "ip_configuration": [
              {
                "gateway_load_balancer_frontend_ip_configuration_id": "",
                "name": "ipconfig1",
                "primary": true,
                "private_ip_address": "10.0.2.4",
                "private_ip_address_allocation": "Dynamic",
                "private_ip_address_version": "IPv4",
                "public_ip_address_id": "/subscriptions/9cd0a7fa-fedf-4e1c-aec9-d5127b49f99e/resourceGroups/rg-multi-tier-demo/providers/Microsoft.Network/publicIPAddresses/ctap-api-public-ip-main-gannet",
                "subnet_id": "/subscriptions/9cd0a7fa-fedf-4e1c-aec9-d5127b49f99e/resourceGroups/rg-multi-tier-demo/providers/Microsoft.Network/virtualNetworks/ctap-vnet/subnets/ctap-api-subnet"
              }
            ],
            "ip_forwarding_enabled": false,
            "location": "eastus",
            "mac_address": "",
            "name": "ctap-nic-api",
            "private_ip_address": "10.0.2.4",
            "private_ip_addresses": [
              "10.0.2.4"
            ],
            "resource_group_name": "rg-multi-tier-demo",
            "tags": null,
            "timeouts": null,
            "virtual_machine_id": ""
          },
          "sensitive_attributes": [],
          "private": "eyJlMmJmYjczMC1lY2FhLTExZTYtOGY4OC0zNDM2M2JjN2M0YzAiOnsiY3JlYXRlIjoxODAwMDAwMDAwMDAwLCJkZWxldGUiOjE4MDAwMDAwMDAwMDAsInJlYWQiOjMwMDAwMDAwMDAwMCwidXBkYXRlIjoxODAwMDAwMDAwMDAwfX0=",
          "dependencies": [
            "azurerm_public_ip.api_public_ip",
            "azurerm_resource_group.rg",
            "azurerm_subnet.api",
            "azurerm_virtual_network.vnet",
            "random_pet.suffix"
          ]
        }
      ]
    },
    {
      "mode": "managed",
      "type": "azurerm_network_interface_security_group_association",
      "name": "nsg_integrate",
      "provider": "provider[\"registry.terraform.io/hashicorp/azurerm\"]",
      "instances": [
        {
          "schema_version": 0,
          "attributes": {
            "id": "/subscriptions/9cd0a7fa-fedf-4e1c-aec9-d5127b49f99e/resourceGroups/rg-multi-tier-demo/providers/Microsoft.Network/networkInterfaces/ctap-nic-api|/subscriptions/9cd0a7fa-fedf-4e1c-aec9-d5127b49f99e/resourceGroups/rg-multi-tier-demo/providers/Microsoft.Network/networkSecurityGroups/nsg-api-ssh-main-gannet",
            "network_interface_id": "/subscriptions/9cd0a7fa-fedf-4e1c-aec9-d5127b49f99e/resourceGroups/rg-multi-tier-demo/providers/Microsoft.Network/networkInterfaces/ctap-nic-api",
            "network_security_group_id": "/subscriptions/9cd0a7fa-fedf-4e1c-aec9-d5127b49f99e/resourceGroups/rg-multi-tier-demo/providers/Microsoft.Network/networkSecurityGroups/nsg-api-ssh-main-gannet",
            "timeouts": null
          },
          "sensitive_attributes": [],
          "private": "eyJlMmJmYjczMC1lY2FhLTExZTYtOGY4OC0zNDM2M2JjN2M0YzAiOnsiY3JlYXRlIjoxODAwMDAwMDAwMDAwLCJkZWxldGUiOjE4MDAwMDAwMDAwMDAsInJlYWQiOjMwMDAwMDAwMDAwMH19",
          "dependencies": [
            "azurerm_network_interface.nic_api",
            "azurerm_network_security_group.nsg_api_ssh",
            "azurerm_public_ip.api_public_ip",
            "azurerm_resource_group.rg",
            "azurerm_subnet.api",
            "azurerm_virtual_network.vnet",
            "random_pet.suffix"
          ]
        }
      ]
    },
    {
      "mode": "managed",
      "type": "azurerm_network_security_group",
      "name": "nsg_api_ssh",
      "provider": "provider[\"registry.terraform.io/hashicorp/azurerm\"]",
      "instances": [
        {
          "schema_version": 0,
          "attributes": {
            "id": "/subscriptions/9cd0a7fa-fedf-4e1c-aec9-d5127b49f99e/resourceGroups/rg-multi-tier-demo/providers/Microsoft.Network/networkSecurityGroups/nsg-api-ssh-main-gannet",
            "location": "eastus",
            "name": "nsg-api-ssh-main-gannet",
            "resource_group_name": "rg-multi-tier-demo",
            "security_rule": [
              {
                "access": "Allow",
                "description": "",
                "destination_address_prefix": "*",
                "destination_address_prefixes": [],
                "destination_application_security_group_ids": [],
                "destination_port_range": "8080",
                "destination_port_ranges": [],
                "direction": "Inbound",
                "name": "Allow-8080",
                "priority": 110,
                "protocol": "Tcp",
                "source_address_prefix": "*",
                "source_address_prefixes": [],
                "source_application_security_group_ids": [],
                "source_port_range": "*",
                "source_port_ranges": []
              },
              {
                "access": "Allow",
                "description": "",
                "destination_address_prefix": "0.0.0.0/0",
                "destination_address_prefixes": [],
                "destination_application_security_group_ids": [],
                "destination_port_range": "22",
                "destination_port_ranges": [],
                "direction": "Inbound",
                "name": "Allow-SSH",
                "priority": 100,
                "protocol": "Tcp",
                "source_address_prefix": "152.58.22.19/32",
                "source_address_prefixes": [],
                "source_application_security_group_ids": [],
                "source_port_range": "*",
                "source_port_ranges": []
              }
            ],
            "tags": null,
            "timeouts": null
          },
          "sensitive_attributes": [],
          "private": "eyJlMmJmYjczMC1lY2FhLTExZTYtOGY4OC0zNDM2M2JjN2M0YzAiOnsiY3JlYXRlIjoxODAwMDAwMDAwMDAwLCJkZWxldGUiOjE4MDAwMDAwMDAwMDAsInJlYWQiOjMwMDAwMDAwMDAwMCwidXBkYXRlIjoxODAwMDAwMDAwMDAwfX0=",
          "dependencies": [
            "azurerm_resource_group.rg",
            "random_pet.suffix"
          ]
        }
      ]
    },
    {
      "mode": "managed",
      "type": "azurerm_public_ip",
      "name": "api_public_ip",
      "provider": "provider[\"registry.terraform.io/hashicorp/azurerm\"]",
      "instances": [
        {
          "schema_version": 0,
          "attributes": {
            "allocation_method": "Static",
            "ddos_protection_mode": "VirtualNetworkInherited",
            "ddos_protection_plan_id": null,
            "domain_name_label": null,
            "domain_name_label_scope": null,
            "edge_zone": "",
            "fqdn": null,
            "id": "/subscriptions/9cd0a7fa-fedf-4e1c-aec9-d5127b49f99e/resourceGroups/rg-multi-tier-demo/providers/Microsoft.Network/publicIPAddresses/ctap-api-public-ip-main-gannet",
            "idle_timeout_in_minutes": 4,
            "ip_address": "20.39.33.168",
            "ip_tags": null,
            "ip_version": "IPv4",
            "location": "eastus",
            "name": "ctap-api-public-ip-main-gannet",
            "public_ip_prefix_id": null,
            "resource_group_name": "rg-multi-tier-demo",
            "reverse_fqdn": null,
            "sku": "Standard",
            "sku_tier": "Regional",
            "tags": null,
            "timeouts": null,
            "zones": null
          },
          "sensitive_attributes": [],
          "private": "eyJlMmJmYjczMC1lY2FhLTExZTYtOGY4OC0zNDM2M2JjN2M0YzAiOnsiY3JlYXRlIjoxODAwMDAwMDAwMDAwLCJkZWxldGUiOjE4MDAwMDAwMDAwMDAsInJlYWQiOjMwMDAwMDAwMDAwMCwidXBkYXRlIjoxODAwMDAwMDAwMDAwfX0=",
          "dependencies": [
            "azurerm_resource_group.rg",
            "random_pet.suffix"
          ]
        }
      ]
    },
    {
      "mode": "managed",
      "type": "azurerm_resource_group",
      "name": "rg",
      "provider": "provider[\"registry.terraform.io/hashicorp/azurerm\"]",
      "instances": [
        {
          "schema_version": 0,
          "attributes": {
            "id": "/subscriptions/9cd0a7fa-fedf-4e1c-aec9-d5127b49f99e/resourceGroups/rg-multi-tier-demo",
            "location": "eastus",
            "managed_by": "",
            "name": "rg-multi-tier-demo",
            "tags": null,
            "timeouts": null
          },
          "sensitive_attributes": [],
          "private": "eyJlMmJmYjczMC1lY2FhLTExZTYtOGY4OC0zNDM2M2JjN2M0YzAiOnsiY3JlYXRlIjo1NDAwMDAwMDAwMDAwLCJkZWxldGUiOjU0MDAwMDAwMDAwMDAsInJlYWQiOjMwMDAwMDAwMDAwMCwidXBkYXRlIjo1NDAwMDAwMDAwMDAwfX0="
        }
      ]
    },
    {
      "mode": "managed",
      "type": "azurerm_subnet",
      "name": "api",
      "provider": "provider[\"registry.terraform.io/hashicorp/azurerm\"]",
      "instances": [
        {
          "schema_version": 0,
          "attributes": {
            "address_prefixes": [
              "10.0.2.0/24"
            ],
            "default_outbound_access_enabled": true,
            "delegation": [],
            "id": "/subscriptions/9cd0a7fa-fedf-4e1c-aec9-d5127b49f99e/resourceGroups/rg-multi-tier-demo/providers/Microsoft.Network/virtualNetworks/ctap-vnet/subnets/ctap-api-subnet",
            "name": "ctap-api-subnet",
            "private_endpoint_network_policies": "Disabled",
            "private_link_service_network_policies_enabled": true,
            "resource_group_name": "rg-multi-tier-demo",
            "service_endpoint_policy_ids": null,
            "service_endpoints": null,
            "timeouts": null,
            "virtual_network_name": "ctap-vnet"
          },
          "sensitive_attributes": [],
          "private": "eyJlMmJmYjczMC1lY2FhLTExZTYtOGY4OC0zNDM2M2JjN2M0YzAiOnsiY3JlYXRlIjoxODAwMDAwMDAwMDAwLCJkZWxldGUiOjE4MDAwMDAwMDAwMDAsInJlYWQiOjMwMDAwMDAwMDAwMCwidXBkYXRlIjoxODAwMDAwMDAwMDAwfX0=",
          "dependencies": [
            "azurerm_resource_group.rg",
            "azurerm_virtual_network.vnet"
          ]
        }
      ]
    },
    {
      "mode": "managed",
      "type": "azurerm_subnet",
      "name": "db",
      "provider": "provider[\"registry.terraform.io/hashicorp/azurerm\"]",
      "instances": [
        {
          "schema_version": 0,
          "attributes": {
            "address_prefixes": [
              "10.0.3.0/24"
            ],
            "default_outbound_access_enabled": true,
            "delegation": [
              {
                "name": "mysql_delegation",
                "service_delegation": [
                  {
                    "actions": [
                      "Microsoft.Network/virtualNetworks/subnets/join/action"
                    ],
                    "name": "Microsoft.DBforMySQL/flexibleServers"
                  }
                ]
              }
            ],
            "id": "/subscriptions/9cd0a7fa-fedf-4e1c-aec9-d5127b49f99e/resourceGroups/rg-multi-tier-demo/providers/Microsoft.Network/virtualNetworks/ctap-vnet/subnets/ctap-db-subnet",
            "name": "ctap-db-subnet",
            "private_endpoint_network_policies": "Disabled",
            "private_link_service_network_policies_enabled": true,
            "resource_group_name": "rg-multi-tier-demo",
            "service_endpoint_policy_ids": null,
            "service_endpoints": null,
            "timeouts": null,
            "virtual_network_name": "ctap-vnet"
          },
          "sensitive_attributes": [],
          "private": "eyJlMmJmYjczMC1lY2FhLTExZTYtOGY4OC0zNDM2M2JjN2M0YzAiOnsiY3JlYXRlIjoxODAwMDAwMDAwMDAwLCJkZWxldGUiOjE4MDAwMDAwMDAwMDAsInJlYWQiOjMwMDAwMDAwMDAwMCwidXBkYXRlIjoxODAwMDAwMDAwMDAwfX0=",
          "dependencies": [
            "azurerm_resource_group.rg",
            "azurerm_virtual_network.vnet"
          ]
        }
      ]
    },
    {
      "mode": "managed",
      "type": "azurerm_subnet",
      "name": "ui",
      "provider": "provider[\"registry.terraform.io/hashicorp/azurerm\"]",
      "instances": [
        {
          "schema_version": 0,
          "attributes": {
            "address_prefixes": [
              "10.0.1.0/24"
            ],
            "default_outbound_access_enabled": true,
            "delegation": [],
            "id": "/subscriptions/9cd0a7fa-fedf-4e1c-aec9-d5127b49f99e/resourceGroups/rg-multi-tier-demo/providers/Microsoft.Network/virtualNetworks/ctap-vnet/subnets/ctap-ui-subnet",
            "name": "ctap-ui-subnet",
            "private_endpoint_network_policies": "Disabled",
            "private_link_service_network_policies_enabled": true,
            "resource_group_name": "rg-multi-tier-demo",
            "service_endpoint_policy_ids": null,
            "service_endpoints": null,
            "timeouts": null,
            "virtual_network_name": "ctap-vnet"
          },
          "sensitive_attributes": [],
          "private": "eyJlMmJmYjczMC1lY2FhLTExZTYtOGY4OC0zNDM2M2JjN2M0YzAiOnsiY3JlYXRlIjoxODAwMDAwMDAwMDAwLCJkZWxldGUiOjE4MDAwMDAwMDAwMDAsInJlYWQiOjMwMDAwMDAwMDAwMCwidXBkYXRlIjoxODAwMDAwMDAwMDAwfX0=",
          "dependencies": [
            "azurerm_resource_group.rg",
            "azurerm_virtual_network.vnet"
          ]
        }
      ]
    },
    {
      "mode": "managed",
      "type": "azurerm_subnet",
      "name": "vnet_integration",
      "provider": "provider[\"registry.terraform.io/hashicorp/azurerm\"]",
      "instances": [
        {
          "schema_version": 0,
          "attributes": {
            "address_prefixes": [
              "10.0.4.0/24"
            ],
            "default_outbound_access_enabled": true,
            "delegation": [
              {
                "name": "app_service_delegation",
                "service_delegation": [
                  {
                    "actions": [
                      "Microsoft.Network/virtualNetworks/subnets/join/action"
                    ],
                    "name": "Microsoft.Web/serverFarms"
                  }
                ]
              }
            ],
            "id": "/subscriptions/9cd0a7fa-fedf-4e1c-aec9-d5127b49f99e/resourceGroups/rg-multi-tier-demo/providers/Microsoft.Network/virtualNetworks/ctap-vnet/subnets/ctap-integration-subnet",
            "name": "ctap-integration-subnet",
            "private_endpoint_network_policies": "Disabled",
            "private_link_service_network_policies_enabled": true,
            "resource_group_name": "rg-multi-tier-demo",
            "service_endpoint_policy_ids": null,
            "service_endpoints": null,
            "timeouts": null,
            "virtual_network_name": "ctap-vnet"
          },
          "sensitive_attributes": [],
          "private": "eyJlMmJmYjczMC1lY2FhLTExZTYtOGY4OC0zNDM2M2JjN2M0YzAiOnsiY3JlYXRlIjoxODAwMDAwMDAwMDAwLCJkZWxldGUiOjE4MDAwMDAwMDAwMDAsInJlYWQiOjMwMDAwMDAwMDAwMCwidXBkYXRlIjoxODAwMDAwMDAwMDAwfX0=",
          "dependencies": [
            "azurerm_resource_group.rg",
            "azurerm_virtual_network.vnet"
          ]
        }
      ]
    },
    {
      "mode": "managed",
      "type": "azurerm_virtual_network",
      "name": "vnet",
      "provider": "provider[\"registry.terraform.io/hashicorp/azurerm\"]",
      "instances": [
        {
          "schema_version": 0,
          "attributes": {
            "address_space": [
              "10.0.0.0/16"
            ],
            "bgp_community": "",
            "ddos_protection_plan": [],
            "dns_servers": [],
            "edge_zone": "",
            "encryption": [],
            "flow_timeout_in_minutes": 0,
            "guid": "cb2d3f9f-ea4e-4b59-bcf3-6d4c23e98b7e",
            "id": "/subscriptions/9cd0a7fa-fedf-4e1c-aec9-d5127b49f99e/resourceGroups/rg-multi-tier-demo/providers/Microsoft.Network/virtualNetworks/ctap-vnet",
            "location": "eastus",
            "name": "ctap-vnet",
            "private_endpoint_vnet_policies": "Disabled",
            "resource_group_name": "rg-multi-tier-demo",
            "subnet": [],
            "tags": null,
            "timeouts": null
          },
          "sensitive_attributes": [],
          "private": "eyJlMmJmYjczMC1lY2FhLTExZTYtOGY4OC0zNDM2M2JjN2M0YzAiOnsiY3JlYXRlIjoxODAwMDAwMDAwMDAwLCJkZWxldGUiOjE4MDAwMDAwMDAwMDAsInJlYWQiOjMwMDAwMDAwMDAwMCwidXBkYXRlIjoxODAwMDAwMDAwMDAwfX0=",
          "dependencies": [
            "azurerm_resource_group.rg"
          ]
        }
      ]
    },
    {
      "mode": "managed",
      "type": "null_resource",
      "name": "deploy_ui",
      "provider": "provider[\"registry.terraform.io/hashicorp/null\"]",
      "instances": [
        {
          "status": "tainted",
          "schema_version": 0,
          "attributes": {
            "id": "660373890682772274",
            "triggers": {
              "ui_zip_hash": "CWpZDfbjKO7xhFW5GNKAk+1PPoSAVxA4g5dFqp+LXfM="
            }
          },
          "sensitive_attributes": [],
          "dependencies": [
            "data.archive_file.ui_zip"
          ]
        }
      ]
    },
    {
      "mode": "managed",
      "type": "random_pet",
      "name": "suffix",
      "provider": "provider[\"registry.terraform.io/hashicorp/random\"]",
      "instances": [
        {
          "schema_version": 0,
          "attributes": {
            "id": "main-gannet",
            "keepers": null,
            "length": 2,
            "prefix": null,
            "separator": "-"
          },
          "sensitive_attributes": []
        }
      ]
    }
  ],
  "check_results": null
}
